
Microsoft Visual Studio Solution File, Format Version 12.00
# Visual Studio Version 17
VisualStudioVersion = 17.3.32901.215
MinimumVisualStudioVersion = 10.0.40219.1
Project("{FAE04EC0-301F-11D3-BF4B-00C04F79EFBC}") = "GitHub", "GitHub\GitHub.csproj", "{6120D6C3-73BC-4732-A498-7603601616EB}"
EndProject
Global
	GlobalSection(SolutionConfigurationPlatforms) = preSolution
		Debug|Any CPU = Debug|Any CPU
		Release|Any CPU = Release|Any CPU
	EndGlobalSection
	GlobalSection(ProjectConfigurationPlatforms) = postSolution
		{6120D6C3-73BC-4732-A498-7603601616EB}.Debug|Any CPU.ActiveCfg = Debug|Any CPU
		{6120D6C3-73BC-4732-A498-7603601616EB}.Debug|Any CPU.Build.0 = Debug|Any CPU
		{6120D6C3-73BC-4732-A498-7603601616EB}.Release|Any CPU.ActiveCfg = Release|Any CPU
		{6120D6C3-73BC-4732-A498-7603601616EB}.Release|Any CPU.Build.0 = Release|Any CPU
	EndGlobalSection
	GlobalSection(SolutionProperties) = preSolution
		HideSolutionNode = FALSE
	EndGlobalSection
	GlobalSection(ExtensibilityGlobals) = postSolution
		SolutionGuid = {178DC105-E85A-4587-9DD9-EA014F967576}
	EndGlobalSection
EndGlobal
